{
  "name": "@pprevankar/test-pkg",
  "version": "1.0.0",
  "lockfileVersion": 3,
  "requires": true,
  "packages": {
    "": {
      "name": "@pprevankar/test-pkg",
      "version": "1.0.0",
      "license": "ISC",
      "dependencies": {
        "private-repo": "git+ssh://git@github.com:pprevankar/test-pkg.git"
      }
    },
    "node_modules/private-repo": {
      "name": "@pprevankar/test-pkg",
      "version": "1.0.0",
      "resolved": "git+ssh://git@github.com/pprevankar/test-pkg.git#324a95332adb8d15b3544424f8388e5ae7ac8b57",
      "dependencies": {
        "private-repo": "git+ssh://git@github.com:pprevankar/test-pkg.git#v1.0.0"
      }
    }
  }
}
